
Microsoft Visual Studio Solution File, Format Version 12.00
# Visual Studio Version 17
VisualStudioVersion = 17.5.002.0
MinimumVisualStudioVersion = 10.0.40219.1
Project("{9A19103F-16F7-4668-BE54-9A1E7A4F7556}") = "CopilotAdventures", "CopilotAdventures.csproj", "{64F88196-195C-4F1D-B950-824978B007D2}"
EndProject
Global
	GlobalSection(SolutionConfigurationPlatforms) = preSolution
		Debug|Any CPU = Debug|Any CPU
		Release|Any CPU = Release|Any CPU
	EndGlobalSection
	GlobalSection(ProjectConfigurationPlatforms) = postSolution
		{64F88196-195C-4F1D-B950-824978B007D2}.Debug|Any CPU.ActiveCfg = Debug|Any CPU
		{64F88196-195C-4F1D-B950-824978B007D2}.Debug|Any CPU.Build.0 = Debug|Any CPU
		{64F88196-195C-4F1D-B950-824978B007D2}.Release|Any CPU.ActiveCfg = Release|Any CPU
		{64F88196-195C-4F1D-B950-824978B007D2}.Release|Any CPU.Build.0 = Release|Any CPU
	EndGlobalSection
	GlobalSection(SolutionProperties) = preSolution
		HideSolutionNode = FALSE
	EndGlobalSection
	GlobalSection(ExtensibilityGlobals) = postSolution
		SolutionGuid = {AEEF0605-3707-486B-8ABF-F7AB03CDE45E}
	EndGlobalSection
EndGlobal
